
Microsoft Visual Studio Solution File, Format Version 12.00
# Visual Studio 2012
Project("{FAE04EC0-301F-11D3-BF4B-00C04F79EFBC}") = "Demo Bot", "Demo Bot\Demo Bot.csproj", "{2EE5C636-3DAB-472D-9950-02716A24CC0C}"
EndProject
Project("{FAE04EC0-301F-11D3-BF4B-00C04F79EFBC}") = "BotExecutable", "BotExecutable\BotExecutable.csproj", "{743D0E63-F14C-4442-813D-109563CE3CEE}"
EndProject
Global
	GlobalSection(SolutionConfigurationPlatforms) = preSolution
		Debug|Any CPU = Debug|Any CPU
		Release|Any CPU = Release|Any CPU
	EndGlobalSection
	GlobalSection(ProjectConfigurationPlatforms) = postSolution
		{2EE5C636-3DAB-472D-9950-02716A24CC0C}.Debug|Any CPU.ActiveCfg = Debug|Any CPU
		{2EE5C636-3DAB-472D-9950-02716A24CC0C}.Debug|Any CPU.Build.0 = Debug|Any CPU
		{2EE5C636-3DAB-472D-9950-02716A24CC0C}.Release|Any CPU.ActiveCfg = Release|Any CPU
		{2EE5C636-3DAB-472D-9950-02716A24CC0C}.Release|Any CPU.Build.0 = Release|Any CPU
		{743D0E63-F14C-4442-813D-109563CE3CEE}.Debug|Any CPU.ActiveCfg = Debug|Any CPU
		{743D0E63-F14C-4442-813D-109563CE3CEE}.Debug|Any CPU.Build.0 = Debug|Any CPU
		{743D0E63-F14C-4442-813D-109563CE3CEE}.Release|Any CPU.ActiveCfg = Release|Any CPU
		{743D0E63-F14C-4442-813D-109563CE3CEE}.Release|Any CPU.Build.0 = Release|Any CPU
	EndGlobalSection
	GlobalSection(SolutionProperties) = preSolution
		HideSolutionNode = FALSE
	EndGlobalSection
EndGlobal
